
Microsoft Visual Studio Solution File, Format Version 12.00
# Visual Studio 15
VisualStudioVersion = 15.0.28307.902
MinimumVisualStudioVersion = 10.0.40219.1
Project("{FAE04EC0-301F-11D3-BF4B-00C04F79EFBC}") = "Sistema de Facturacion Amigos", "Sistema de Facturacion Amigos\Sistema de Facturacion Amigos.csproj", "{52121F53-79AA-46ED-AB66-992D61526AFB}"
EndProject
Project("{54435603-DBB4-11D2-8724-00A0C9A8B90C}") = "SFA", "SFA\SFA.vdproj", "{19B2C04E-8F90-4C86-8704-8EBA63A95124}"
EndProject
Project("{54435603-DBB4-11D2-8724-00A0C9A8B90C}") = "Instalador SFA", "Instalador SFA\Instalador SFA.vdproj", "{4EE1BC1A-F8F4-4228-9034-538ED6F536A8}"
EndProject
Global
	GlobalSection(SolutionConfigurationPlatforms) = preSolution
		Debug|Any CPU = Debug|Any CPU
		Release|Any CPU = Release|Any CPU
	EndGlobalSection
	GlobalSection(ProjectConfigurationPlatforms) = postSolution
		{52121F53-79AA-46ED-AB66-992D61526AFB}.Debug|Any CPU.ActiveCfg = Debug|Any CPU
		{52121F53-79AA-46ED-AB66-992D61526AFB}.Debug|Any CPU.Build.0 = Debug|Any CPU
		{52121F53-79AA-46ED-AB66-992D61526AFB}.Release|Any CPU.ActiveCfg = Release|Any CPU
		{52121F53-79AA-46ED-AB66-992D61526AFB}.Release|Any CPU.Build.0 = Release|Any CPU
		{19B2C04E-8F90-4C86-8704-8EBA63A95124}.Debug|Any CPU.ActiveCfg = Debug
		{19B2C04E-8F90-4C86-8704-8EBA63A95124}.Release|Any CPU.ActiveCfg = Release
		{4EE1BC1A-F8F4-4228-9034-538ED6F536A8}.Debug|Any CPU.ActiveCfg = Debug
		{4EE1BC1A-F8F4-4228-9034-538ED6F536A8}.Release|Any CPU.ActiveCfg = Release
	EndGlobalSection
	GlobalSection(SolutionProperties) = preSolution
		HideSolutionNode = FALSE
	EndGlobalSection
	GlobalSection(ExtensibilityGlobals) = postSolution
		SolutionGuid = {DAF0BD87-B9AF-42FE-9A75-5114129921B6}
	EndGlobalSection
EndGlobal
